
Microsoft Visual Studio Solution File, Format Version 12.00
# Visual Studio 15
Project("{FAE04EC0-301F-11D3-BF4B-00C04F79EFBC}") = "UnityEngine.TestRunner", "UnityEngine.TestRunner.csproj", "{C31FB9A1-A177-3CC1-B68E-DEA82963E123}"
EndProject
Project("{FAE04EC0-301F-11D3-BF4B-00C04F79EFBC}") = "Unity.Mathematics", "Unity.Mathematics.csproj", "{F94272F4-D422-4A4A-65E0-6764BECD37CA}"
EndProject
Project("{FAE04EC0-301F-11D3-BF4B-00C04F79EFBC}") = "Unity.2D.Animation.Triangle.Runtime", "Unity.2D.Animation.Triangle.Runtime.csproj", "{F2595DA6-4BAE-2672-BEE4-E278B607E813}"
EndProject
Project("{FAE04EC0-301F-11D3-BF4B-00C04F79EFBC}") = "Unity.Timeline", "Unity.Timeline.csproj", "{FC7D0EAB-FF03-C7FE-A0D7-DC3F1D9B2AE4}"
EndProject
Project("{FAE04EC0-301F-11D3-BF4B-00C04F79EFBC}") = "UnityEngine.UI", "UnityEngine.UI.csproj", "{21AD60C6-C439-6624-AED9-69A62E15D25A}"
EndProject
Project("{FAE04EC0-301F-11D3-BF4B-00C04F79EFBC}") = "Cinemachine", "Cinemachine.csproj", "{08DE115F-CAFD-5832-EA72-7A45E4205548}"
EndProject
Project("{FAE04EC0-301F-11D3-BF4B-00C04F79EFBC}") = "Unity.TextMeshPro", "Unity.TextMeshPro.csproj", "{AFD409A1-022D-E148-A89C-C74913D914DB}"
EndProject
Project("{FAE04EC0-301F-11D3-BF4B-00C04F79EFBC}") = "Assembly-CSharp", "Assembly-CSharp.csproj", "{9630AEAA-55C1-CE4E-3802-97F00EE969B3}"
EndProject
Project("{FAE04EC0-301F-11D3-BF4B-00C04F79EFBC}") = "Unity.2D.Animation.Runtime", "Unity.2D.Animation.Runtime.csproj", "{CB9DF53D-387E-8948-2030-D678C40A3D71}"
EndProject
Project("{FAE04EC0-301F-11D3-BF4B-00C04F79EFBC}") = "Unity.2D.IK.Runtime", "Unity.2D.IK.Runtime.csproj", "{47939A59-F258-65B3-873A-A624B0C29338}"
EndProject
Project("{FAE04EC0-301F-11D3-BF4B-00C04F79EFBC}") = "Unity.2D.SpriteShape.Runtime", "Unity.2D.SpriteShape.Runtime.csproj", "{086412E3-6A25-C535-DB29-5A9193E1081A}"
EndProject
Project("{FAE04EC0-301F-11D3-BF4B-00C04F79EFBC}") = "Unity.2D.PixelPerfect", "Unity.2D.PixelPerfect.csproj", "{FA3AA281-C659-A7F2-E6E2-34E63F8B1FE6}"
EndProject
Project("{FAE04EC0-301F-11D3-BF4B-00C04F79EFBC}") = "Unity.2D.Common.Runtime", "Unity.2D.Common.Runtime.csproj", "{C80169B5-D80B-0AD0-D1F4-B63F9E425025}"
EndProject
Project("{FAE04EC0-301F-11D3-BF4B-00C04F79EFBC}") = "Unity.InternalAPIEngineBridge.001", "Unity.InternalAPIEngineBridge.001.csproj", "{53439403-3F1A-DEFF-843D-70A7616E9B26}"
EndProject
Project("{FAE04EC0-301F-11D3-BF4B-00C04F79EFBC}") = "UnityEditor.TestRunner", "UnityEditor.TestRunner.csproj", "{4091F77D-6858-66D1-281C-7D676DA13519}"
EndProject
Project("{FAE04EC0-301F-11D3-BF4B-00C04F79EFBC}") = "Unity.PlasticSCM.Editor", "Unity.PlasticSCM.Editor.csproj", "{AB900CAC-1B8C-8CF0-8C8E-20DA38A6F69D}"
EndProject
Project("{FAE04EC0-301F-11D3-BF4B-00C04F79EFBC}") = "UnityEditor.UI", "UnityEditor.UI.csproj", "{7BAE342C-CE00-FB14-6505-E880BFC47110}"
EndProject
Project("{FAE04EC0-301F-11D3-BF4B-00C04F79EFBC}") = "Unity.Services.Core.Editor", "Unity.Services.Core.Editor.csproj", "{61F5D051-0107-6265-3D5E-CF724768E493}"
EndProject
Project("{FAE04EC0-301F-11D3-BF4B-00C04F79EFBC}") = "Unity.Timeline.Editor", "Unity.Timeline.Editor.csproj", "{DD10BF0B-060F-D6E6-5F0C-CBD0F0AADDC3}"
EndProject
Project("{FAE04EC0-301F-11D3-BF4B-00C04F79EFBC}") = "Unity.VisualStudio.Editor", "Unity.VisualStudio.Editor.csproj", "{8EF3DB7F-175D-AB41-A3E8-CDB6CE2F6A3D}"
EndProject
Project("{FAE04EC0-301F-11D3-BF4B-00C04F79EFBC}") = "com.unity.cinemachine.editor", "com.unity.cinemachine.editor.csproj", "{726D86ED-515E-609E-BC22-D943EB29C3E8}"
EndProject
Project("{FAE04EC0-301F-11D3-BF4B-00C04F79EFBC}") = "Unity.2D.Psdimporter.Editor", "Unity.2D.Psdimporter.Editor.csproj", "{1AB3D59D-4751-A7D6-6511-1E26F567727B}"
EndProject
Project("{FAE04EC0-301F-11D3-BF4B-00C04F79EFBC}") = "Unity.2D.Animation.Editor", "Unity.2D.Animation.Editor.csproj", "{12A8C97A-B52E-390B-4121-188A72F3689C}"
EndProject
Project("{FAE04EC0-301F-11D3-BF4B-00C04F79EFBC}") = "Unity.TextMeshPro.Editor", "Unity.TextMeshPro.Editor.csproj", "{2ADC6990-E468-4755-00CA-CB27CC84943C}"
EndProject
Project("{FAE04EC0-301F-11D3-BF4B-00C04F79EFBC}") = "Unity.2D.SpriteShape.Editor", "Unity.2D.SpriteShape.Editor.csproj", "{CB6260BB-BFF8-15BC-6842-88FEAA9BDD3B}"
EndProject
Project("{FAE04EC0-301F-11D3-BF4B-00C04F79EFBC}") = "Unity.CollabProxy.Editor", "Unity.CollabProxy.Editor.csproj", "{FAD5E418-5002-2499-E9A8-4ED2C16960D1}"
EndProject
Project("{FAE04EC0-301F-11D3-BF4B-00C04F79EFBC}") = "PsdPlugin", "PsdPlugin.csproj", "{01EC8210-572D-DAEC-EA04-E879B6CF52C8}"
EndProject
Project("{FAE04EC0-301F-11D3-BF4B-00C04F79EFBC}") = "Unity.2D.Path.Editor", "Unity.2D.Path.Editor.csproj", "{80C9C5C4-66D7-E9DC-487D-EFC43F8CBFA4}"
EndProject
Project("{FAE04EC0-301F-11D3-BF4B-00C04F79EFBC}") = "Unity.Rider.Editor", "Unity.Rider.Editor.csproj", "{39BDB585-60DB-3819-2473-2898B7E38FB2}"
EndProject
Project("{FAE04EC0-301F-11D3-BF4B-00C04F79EFBC}") = "Unity.2D.IK.Editor", "Unity.2D.IK.Editor.csproj", "{2708CDDB-AA66-40BC-AAF6-58461FA82963}"
EndProject
Project("{FAE04EC0-301F-11D3-BF4B-00C04F79EFBC}") = "Unity.2D.Sprite.Editor", "Unity.2D.Sprite.Editor.csproj", "{5FF89E48-5C5E-3801-DFE7-6E79BD9351C6}"
EndProject
Project("{FAE04EC0-301F-11D3-BF4B-00C04F79EFBC}") = "Unity.2D.Tilemap.Editor", "Unity.2D.Tilemap.Editor.csproj", "{9944C201-5F0B-1C7C-EFED-4870D129C8FB}"
EndProject
Project("{FAE04EC0-301F-11D3-BF4B-00C04F79EFBC}") = "Unity.2D.PixelPerfect.Editor", "Unity.2D.PixelPerfect.Editor.csproj", "{E233C26E-ED4C-5D84-1784-8456FE53AF0D}"
EndProject
Project("{FAE04EC0-301F-11D3-BF4B-00C04F79EFBC}") = "Unity.VSCode.Editor", "Unity.VSCode.Editor.csproj", "{E0B1CE00-AFAB-5A28-E8C8-143AB0C30DE5}"
EndProject
Project("{FAE04EC0-301F-11D3-BF4B-00C04F79EFBC}") = "Unity.2D.Common.Editor", "Unity.2D.Common.Editor.csproj", "{EFC9EB43-30CE-0802-1FBC-DD4DA04A0705}"
EndProject
Project("{FAE04EC0-301F-11D3-BF4B-00C04F79EFBC}") = "Unity.Mathematics.Editor", "Unity.Mathematics.Editor.csproj", "{A3A0313B-5763-68BC-1348-1E99D406C9EF}"
EndProject
Project("{FAE04EC0-301F-11D3-BF4B-00C04F79EFBC}") = "Unity.InternalAPIEditorBridge.001", "Unity.InternalAPIEditorBridge.001.csproj", "{F643A548-5472-123F-94DB-508DD8075E8C}"
EndProject
Project("{FAE04EC0-301F-11D3-BF4B-00C04F79EFBC}") = "Assembly-CSharp-Editor", "Assembly-CSharp-Editor.csproj", "{F6BEF132-D7C2-8B67-C69A-C5EF494F9C58}"
EndProject
Project("{FAE04EC0-301F-11D3-BF4B-00C04F79EFBC}") = "UnityEngine.TestRunner", "UnityEngine.TestRunner.Player.csproj", "{6CF2C5C9-F0B5-F145-1F5C-71CACDA721FC}"
EndProject
Project("{FAE04EC0-301F-11D3-BF4B-00C04F79EFBC}") = "Unity.Mathematics", "Unity.Mathematics.Player.csproj", "{7383E7CB-3334-73B3-A95C-9FF051E00605}"
EndProject
Project("{FAE04EC0-301F-11D3-BF4B-00C04F79EFBC}") = "Unity.2D.Animation.Triangle.Runtime", "Unity.2D.Animation.Triangle.Runtime.Player.csproj", "{88B45F6A-07BC-8E3C-C838-6F30CE01AC08}"
EndProject
Project("{FAE04EC0-301F-11D3-BF4B-00C04F79EFBC}") = "Unity.Timeline", "Unity.Timeline.Player.csproj", "{095E43B0-6DBC-4572-60F0-DD28EFAE32EE}"
EndProject
Project("{FAE04EC0-301F-11D3-BF4B-00C04F79EFBC}") = "UnityEngine.UI", "UnityEngine.UI.Player.csproj", "{C38E6BDC-56AF-5026-7520-03D9FE804FD3}"
EndProject
Project("{FAE04EC0-301F-11D3-BF4B-00C04F79EFBC}") = "Cinemachine", "Cinemachine.Player.csproj", "{737383CC-6399-7660-904B-C3CEA79E61FD}"
EndProject
Project("{FAE04EC0-301F-11D3-BF4B-00C04F79EFBC}") = "Unity.TextMeshPro", "Unity.TextMeshPro.Player.csproj", "{2F539B52-4B37-23A5-A6FE-6791746BBEE0}"
EndProject
Project("{FAE04EC0-301F-11D3-BF4B-00C04F79EFBC}") = "Assembly-CSharp", "Assembly-CSharp.Player.csproj", "{05FEC0EE-2551-AB44-71F5-106355FC38C5}"
EndProject
Project("{FAE04EC0-301F-11D3-BF4B-00C04F79EFBC}") = "Unity.2D.Animation.Runtime", "Unity.2D.Animation.Runtime.Player.csproj", "{BACDEBDE-D0D7-CBF4-8B56-D9EF5A123427}"
EndProject
Project("{FAE04EC0-301F-11D3-BF4B-00C04F79EFBC}") = "Unity.2D.IK.Runtime", "Unity.2D.IK.Runtime.Player.csproj", "{1552A878-35DA-3F47-0A1F-A1765A24B1FF}"
EndProject
Project("{FAE04EC0-301F-11D3-BF4B-00C04F79EFBC}") = "Unity.2D.SpriteShape.Runtime", "Unity.2D.SpriteShape.Runtime.Player.csproj", "{F7418B46-110B-6B41-F0B0-96BBD2B710B8}"
EndProject
Project("{FAE04EC0-301F-11D3-BF4B-00C04F79EFBC}") = "Unity.2D.PixelPerfect", "Unity.2D.PixelPerfect.Player.csproj", "{9DE4C3D7-6412-F58B-9F02-1C5169BF2934}"
EndProject
Project("{FAE04EC0-301F-11D3-BF4B-00C04F79EFBC}") = "Unity.2D.Common.Runtime", "Unity.2D.Common.Runtime.Player.csproj", "{95E6F56F-B125-D5DB-59B9-C0E6BA8A835B}"
EndProject
Project("{FAE04EC0-301F-11D3-BF4B-00C04F79EFBC}") = "Unity.InternalAPIEngineBridge.001", "Unity.InternalAPIEngineBridge.001.Player.csproj", "{16DA0348-854C-CD67-5C97-55F859B7BAF2}"
EndProject
Global
	GlobalSection(SolutionConfigurationPlatforms) = preSolution
		Debug|Any CPU = Debug|Any CPU
		Release|Any CPU = Release|Any CPU
	EndGlobalSection
	GlobalSection(ProjectConfigurationPlatforms) = postSolution
		{C31FB9A1-A177-3CC1-B68E-DEA82963E123}.Debug|Any CPU.ActiveCfg = Debug|Any CPU
		{C31FB9A1-A177-3CC1-B68E-DEA82963E123}.Debug|Any CPU.Build.0 = Debug|Any CPU
		{C31FB9A1-A177-3CC1-B68E-DEA82963E123}.Release|Any CPU.ActiveCfg = Release|Any CPU
		{C31FB9A1-A177-3CC1-B68E-DEA82963E123}.Release|Any CPU.Build.0 = Release|Any CPU
		{F94272F4-D422-4A4A-65E0-6764BECD37CA}.Debug|Any CPU.ActiveCfg = Debug|Any CPU
		{F94272F4-D422-4A4A-65E0-6764BECD37CA}.Debug|Any CPU.Build.0 = Debug|Any CPU
		{F94272F4-D422-4A4A-65E0-6764BECD37CA}.Release|Any CPU.ActiveCfg = Release|Any CPU
		{F94272F4-D422-4A4A-65E0-6764BECD37CA}.Release|Any CPU.Build.0 = Release|Any CPU
		{F2595DA6-4BAE-2672-BEE4-E278B607E813}.Debug|Any CPU.ActiveCfg = Debug|Any CPU
		{F2595DA6-4BAE-2672-BEE4-E278B607E813}.Debug|Any CPU.Build.0 = Debug|Any CPU
		{F2595DA6-4BAE-2672-BEE4-E278B607E813}.Release|Any CPU.ActiveCfg = Release|Any CPU
		{F2595DA6-4BAE-2672-BEE4-E278B607E813}.Release|Any CPU.Build.0 = Release|Any CPU
		{FC7D0EAB-FF03-C7FE-A0D7-DC3F1D9B2AE4}.Debug|Any CPU.ActiveCfg = Debug|Any CPU
		{FC7D0EAB-FF03-C7FE-A0D7-DC3F1D9B2AE4}.Debug|Any CPU.Build.0 = Debug|Any CPU
		{FC7D0EAB-FF03-C7FE-A0D7-DC3F1D9B2AE4}.Release|Any CPU.ActiveCfg = Release|Any CPU
		{FC7D0EAB-FF03-C7FE-A0D7-DC3F1D9B2AE4}.Release|Any CPU.Build.0 = Release|Any CPU
		{21AD60C6-C439-6624-AED9-69A62E15D25A}.Debug|Any CPU.ActiveCfg = Debug|Any CPU
		{21AD60C6-C439-6624-AED9-69A62E15D25A}.Debug|Any CPU.Build.0 = Debug|Any CPU
		{21AD60C6-C439-6624-AED9-69A62E15D25A}.Release|Any CPU.ActiveCfg = Release|Any CPU
		{21AD60C6-C439-6624-AED9-69A62E15D25A}.Release|Any CPU.Build.0 = Release|Any CPU
		{08DE115F-CAFD-5832-EA72-7A45E4205548}.Debug|Any CPU.ActiveCfg = Debug|Any CPU
		{08DE115F-CAFD-5832-EA72-7A45E4205548}.Debug|Any CPU.Build.0 = Debug|Any CPU
		{08DE115F-CAFD-5832-EA72-7A45E4205548}.Release|Any CPU.ActiveCfg = Release|Any CPU
		{08DE115F-CAFD-5832-EA72-7A45E4205548}.Release|Any CPU.Build.0 = Release|Any CPU
		{AFD409A1-022D-E148-A89C-C74913D914DB}.Debug|Any CPU.ActiveCfg = Debug|Any CPU
		{AFD409A1-022D-E148-A89C-C74913D914DB}.Debug|Any CPU.Build.0 = Debug|Any CPU
		{AFD409A1-022D-E148-A89C-C74913D914DB}.Release|Any CPU.ActiveCfg = Release|Any CPU
		{AFD409A1-022D-E148-A89C-C74913D914DB}.Release|Any CPU.Build.0 = Release|Any CPU
		{9630AEAA-55C1-CE4E-3802-97F00EE969B3}.Debug|Any CPU.ActiveCfg = Debug|Any CPU
		{9630AEAA-55C1-CE4E-3802-97F00EE969B3}.Debug|Any CPU.Build.0 = Debug|Any CPU
		{9630AEAA-55C1-CE4E-3802-97F00EE969B3}.Release|Any CPU.ActiveCfg = Release|Any CPU
		{9630AEAA-55C1-CE4E-3802-97F00EE969B3}.Release|Any CPU.Build.0 = Release|Any CPU
		{CB9DF53D-387E-8948-2030-D678C40A3D71}.Debug|Any CPU.ActiveCfg = Debug|Any CPU
		{CB9DF53D-387E-8948-2030-D678C40A3D71}.Debug|Any CPU.Build.0 = Debug|Any CPU
		{CB9DF53D-387E-8948-2030-D678C40A3D71}.Release|Any CPU.ActiveCfg = Release|Any CPU
		{CB9DF53D-387E-8948-2030-D678C40A3D71}.Release|Any CPU.Build.0 = Release|Any CPU
		{47939A59-F258-65B3-873A-A624B0C29338}.Debug|Any CPU.ActiveCfg = Debug|Any CPU
		{47939A59-F258-65B3-873A-A624B0C29338}.Debug|Any CPU.Build.0 = Debug|Any CPU
		{47939A59-F258-65B3-873A-A624B0C29338}.Release|Any CPU.ActiveCfg = Release|Any CPU
		{47939A59-F258-65B3-873A-A624B0C29338}.Release|Any CPU.Build.0 = Release|Any CPU
		{086412E3-6A25-C535-DB29-5A9193E1081A}.Debug|Any CPU.ActiveCfg = Debug|Any CPU
		{086412E3-6A25-C535-DB29-5A9193E1081A}.Debug|Any CPU.Build.0 = Debug|Any CPU
		{086412E3-6A25-C535-DB29-5A9193E1081A}.Release|Any CPU.ActiveCfg = Release|Any CPU
		{086412E3-6A25-C535-DB29-5A9193E1081A}.Release|Any CPU.Build.0 = Release|Any CPU
		{FA3AA281-C659-A7F2-E6E2-34E63F8B1FE6}.Debug|Any CPU.ActiveCfg = Debug|Any CPU
		{FA3AA281-C659-A7F2-E6E2-34E63F8B1FE6}.Debug|Any CPU.Build.0 = Debug|Any CPU
		{FA3AA281-C659-A7F2-E6E2-34E63F8B1FE6}.Release|Any CPU.ActiveCfg = Release|Any CPU
		{FA3AA281-C659-A7F2-E6E2-34E63F8B1FE6}.Release|Any CPU.Build.0 = Release|Any CPU
		{C80169B5-D80B-0AD0-D1F4-B63F9E425025}.Debug|Any CPU.ActiveCfg = Debug|Any CPU
		{C80169B5-D80B-0AD0-D1F4-B63F9E425025}.Debug|Any CPU.Build.0 = Debug|Any CPU
		{C80169B5-D80B-0AD0-D1F4-B63F9E425025}.Release|Any CPU.ActiveCfg = Release|Any CPU
		{C80169B5-D80B-0AD0-D1F4-B63F9E425025}.Release|Any CPU.Build.0 = Release|Any CPU
		{53439403-3F1A-DEFF-843D-70A7616E9B26}.Debug|Any CPU.ActiveCfg = Debug|Any CPU
		{53439403-3F1A-DEFF-843D-70A7616E9B26}.Debug|Any CPU.Build.0 = Debug|Any CPU
		{53439403-3F1A-DEFF-843D-70A7616E9B26}.Release|Any CPU.ActiveCfg = Release|Any CPU
		{53439403-3F1A-DEFF-843D-70A7616E9B26}.Release|Any CPU.Build.0 = Release|Any CPU
		{4091F77D-6858-66D1-281C-7D676DA13519}.Debug|Any CPU.ActiveCfg = Debug|Any CPU
		{4091F77D-6858-66D1-281C-7D676DA13519}.Debug|Any CPU.Build.0 = Debug|Any CPU
		{4091F77D-6858-66D1-281C-7D676DA13519}.Release|Any CPU.ActiveCfg = Release|Any CPU
		{4091F77D-6858-66D1-281C-7D676DA13519}.Release|Any CPU.Build.0 = Release|Any CPU
		{AB900CAC-1B8C-8CF0-8C8E-20DA38A6F69D}.Debug|Any CPU.ActiveCfg = Debug|Any CPU
		{AB900CAC-1B8C-8CF0-8C8E-20DA38A6F69D}.Debug|Any CPU.Build.0 = Debug|Any CPU
		{AB900CAC-1B8C-8CF0-8C8E-20DA38A6F69D}.Release|Any CPU.ActiveCfg = Release|Any CPU
		{AB900CAC-1B8C-8CF0-8C8E-20DA38A6F69D}.Release|Any CPU.Build.0 = Release|Any CPU
		{7BAE342C-CE00-FB14-6505-E880BFC47110}.Debug|Any CPU.ActiveCfg = Debug|Any CPU
		{7BAE342C-CE00-FB14-6505-E880BFC47110}.Debug|Any CPU.Build.0 = Debug|Any CPU
		{7BAE342C-CE00-FB14-6505-E880BFC47110}.Release|Any CPU.ActiveCfg = Release|Any CPU
		{7BAE342C-CE00-FB14-6505-E880BFC47110}.Release|Any CPU.Build.0 = Release|Any CPU
		{61F5D051-0107-6265-3D5E-CF724768E493}.Debug|Any CPU.ActiveCfg = Debug|Any CPU
		{61F5D051-0107-6265-3D5E-CF724768E493}.Debug|Any CPU.Build.0 = Debug|Any CPU
		{61F5D051-0107-6265-3D5E-CF724768E493}.Release|Any CPU.ActiveCfg = Release|Any CPU
		{61F5D051-0107-6265-3D5E-CF724768E493}.Release|Any CPU.Build.0 = Release|Any CPU
		{DD10BF0B-060F-D6E6-5F0C-CBD0F0AADDC3}.Debug|Any CPU.ActiveCfg = Debug|Any CPU
		{DD10BF0B-060F-D6E6-5F0C-CBD0F0AADDC3}.Debug|Any CPU.Build.0 = Debug|Any CPU
		{DD10BF0B-060F-D6E6-5F0C-CBD0F0AADDC3}.Release|Any CPU.ActiveCfg = Release|Any CPU
		{DD10BF0B-060F-D6E6-5F0C-CBD0F0AADDC3}.Release|Any CPU.Build.0 = Release|Any CPU
		{8EF3DB7F-175D-AB41-A3E8-CDB6CE2F6A3D}.Debug|Any CPU.ActiveCfg = Debug|Any CPU
		{8EF3DB7F-175D-AB41-A3E8-CDB6CE2F6A3D}.Debug|Any CPU.Build.0 = Debug|Any CPU
		{8EF3DB7F-175D-AB41-A3E8-CDB6CE2F6A3D}.Release|Any CPU.ActiveCfg = Release|Any CPU
		{8EF3DB7F-175D-AB41-A3E8-CDB6CE2F6A3D}.Release|Any CPU.Build.0 = Release|Any CPU
		{726D86ED-515E-609E-BC22-D943EB29C3E8}.Debug|Any CPU.ActiveCfg = Debug|Any CPU
		{726D86ED-515E-609E-BC22-D943EB29C3E8}.Debug|Any CPU.Build.0 = Debug|Any CPU
		{726D86ED-515E-609E-BC22-D943EB29C3E8}.Release|Any CPU.ActiveCfg = Release|Any CPU
		{726D86ED-515E-609E-BC22-D943EB29C3E8}.Release|Any CPU.Build.0 = Release|Any CPU
		{1AB3D59D-4751-A7D6-6511-1E26F567727B}.Debug|Any CPU.ActiveCfg = Debug|Any CPU
		{1AB3D59D-4751-A7D6-6511-1E26F567727B}.Debug|Any CPU.Build.0 = Debug|Any CPU
		{1AB3D59D-4751-A7D6-6511-1E26F567727B}.Release|Any CPU.ActiveCfg = Release|Any CPU
		{1AB3D59D-4751-A7D6-6511-1E26F567727B}.Release|Any CPU.Build.0 = Release|Any CPU
		{12A8C97A-B52E-390B-4121-188A72F3689C}.Debug|Any CPU.ActiveCfg = Debug|Any CPU
		{12A8C97A-B52E-390B-4121-188A72F3689C}.Debug|Any CPU.Build.0 = Debug|Any CPU
		{12A8C97A-B52E-390B-4121-188A72F3689C}.Release|Any CPU.ActiveCfg = Release|Any CPU
		{12A8C97A-B52E-390B-4121-188A72F3689C}.Release|Any CPU.Build.0 = Release|Any CPU
		{2ADC6990-E468-4755-00CA-CB27CC84943C}.Debug|Any CPU.ActiveCfg = Debug|Any CPU
		{2ADC6990-E468-4755-00CA-CB27CC84943C}.Debug|Any CPU.Build.0 = Debug|Any CPU
		{2ADC6990-E468-4755-00CA-CB27CC84943C}.Release|Any CPU.ActiveCfg = Release|Any CPU
		{2ADC6990-E468-4755-00CA-CB27CC84943C}.Release|Any CPU.Build.0 = Release|Any CPU
		{CB6260BB-BFF8-15BC-6842-88FEAA9BDD3B}.Debug|Any CPU.ActiveCfg = Debug|Any CPU
		{CB6260BB-BFF8-15BC-6842-88FEAA9BDD3B}.Debug|Any CPU.Build.0 = Debug|Any CPU
		{CB6260BB-BFF8-15BC-6842-88FEAA9BDD3B}.Release|Any CPU.ActiveCfg = Release|Any CPU
		{CB6260BB-BFF8-15BC-6842-88FEAA9BDD3B}.Release|Any CPU.Build.0 = Release|Any CPU
		{FAD5E418-5002-2499-E9A8-4ED2C16960D1}.Debug|Any CPU.ActiveCfg = Debug|Any CPU
		{FAD5E418-5002-2499-E9A8-4ED2C16960D1}.Debug|Any CPU.Build.0 = Debug|Any CPU
		{FAD5E418-5002-2499-E9A8-4ED2C16960D1}.Release|Any CPU.ActiveCfg = Release|Any CPU
		{FAD5E418-5002-2499-E9A8-4ED2C16960D1}.Release|Any CPU.Build.0 = Release|Any CPU
		{01EC8210-572D-DAEC-EA04-E879B6CF52C8}.Debug|Any CPU.ActiveCfg = Debug|Any CPU
		{01EC8210-572D-DAEC-EA04-E879B6CF52C8}.Debug|Any CPU.Build.0 = Debug|Any CPU
		{01EC8210-572D-DAEC-EA04-E879B6CF52C8}.Release|Any CPU.ActiveCfg = Release|Any CPU
		{01EC8210-572D-DAEC-EA04-E879B6CF52C8}.Release|Any CPU.Build.0 = Release|Any CPU
		{80C9C5C4-66D7-E9DC-487D-EFC43F8CBFA4}.Debug|Any CPU.ActiveCfg = Debug|Any CPU
		{80C9C5C4-66D7-E9DC-487D-EFC43F8CBFA4}.Debug|Any CPU.Build.0 = Debug|Any CPU
		{80C9C5C4-66D7-E9DC-487D-EFC43F8CBFA4}.Release|Any CPU.ActiveCfg = Release|Any CPU
		{80C9C5C4-66D7-E9DC-487D-EFC43F8CBFA4}.Release|Any CPU.Build.0 = Release|Any CPU
		{39BDB585-60DB-3819-2473-2898B7E38FB2}.Debug|Any CPU.ActiveCfg = Debug|Any CPU
		{39BDB585-60DB-3819-2473-2898B7E38FB2}.Debug|Any CPU.Build.0 = Debug|Any CPU
		{39BDB585-60DB-3819-2473-2898B7E38FB2}.Release|Any CPU.ActiveCfg = Release|Any CPU
		{39BDB585-60DB-3819-2473-2898B7E38FB2}.Release|Any CPU.Build.0 = Release|Any CPU
		{2708CDDB-AA66-40BC-AAF6-58461FA82963}.Debug|Any CPU.ActiveCfg = Debug|Any CPU
		{2708CDDB-AA66-40BC-AAF6-58461FA82963}.Debug|Any CPU.Build.0 = Debug|Any CPU
		{2708CDDB-AA66-40BC-AAF6-58461FA82963}.Release|Any CPU.ActiveCfg = Release|Any CPU
		{2708CDDB-AA66-40BC-AAF6-58461FA82963}.Release|Any CPU.Build.0 = Release|Any CPU
		{5FF89E48-5C5E-3801-DFE7-6E79BD9351C6}.Debug|Any CPU.ActiveCfg = Debug|Any CPU
		{5FF89E48-5C5E-3801-DFE7-6E79BD9351C6}.Debug|Any CPU.Build.0 = Debug|Any CPU
		{5FF89E48-5C5E-3801-DFE7-6E79BD9351C6}.Release|Any CPU.ActiveCfg = Release|Any CPU
		{5FF89E48-5C5E-3801-DFE7-6E79BD9351C6}.Release|Any CPU.Build.0 = Release|Any CPU
		{9944C201-5F0B-1C7C-EFED-4870D129C8FB}.Debug|Any CPU.ActiveCfg = Debug|Any CPU
		{9944C201-5F0B-1C7C-EFED-4870D129C8FB}.Debug|Any CPU.Build.0 = Debug|Any CPU
		{9944C201-5F0B-1C7C-EFED-4870D129C8FB}.Release|Any CPU.ActiveCfg = Release|Any CPU
		{9944C201-5F0B-1C7C-EFED-4870D129C8FB}.Release|Any CPU.Build.0 = Release|Any CPU
		{E233C26E-ED4C-5D84-1784-8456FE53AF0D}.Debug|Any CPU.ActiveCfg = Debug|Any CPU
		{E233C26E-ED4C-5D84-1784-8456FE53AF0D}.Debug|Any CPU.Build.0 = Debug|Any CPU
		{E233C26E-ED4C-5D84-1784-8456FE53AF0D}.Release|Any CPU.ActiveCfg = Release|Any CPU
		{E233C26E-ED4C-5D84-1784-8456FE53AF0D}.Release|Any CPU.Build.0 = Release|Any CPU
		{E0B1CE00-AFAB-5A28-E8C8-143AB0C30DE5}.Debug|Any CPU.ActiveCfg = Debug|Any CPU
		{E0B1CE00-AFAB-5A28-E8C8-143AB0C30DE5}.Debug|Any CPU.Build.0 = Debug|Any CPU
		{E0B1CE00-AFAB-5A28-E8C8-143AB0C30DE5}.Release|Any CPU.ActiveCfg = Release|Any CPU
		{E0B1CE00-AFAB-5A28-E8C8-143AB0C30DE5}.Release|Any CPU.Build.0 = Release|Any CPU
		{EFC9EB43-30CE-0802-1FBC-DD4DA04A0705}.Debug|Any CPU.ActiveCfg = Debug|Any CPU
		{EFC9EB43-30CE-0802-1FBC-DD4DA04A0705}.Debug|Any CPU.Build.0 = Debug|Any CPU
		{EFC9EB43-30CE-0802-1FBC-DD4DA04A0705}.Release|Any CPU.ActiveCfg = Release|Any CPU
		{EFC9EB43-30CE-0802-1FBC-DD4DA04A0705}.Release|Any CPU.Build.0 = Release|Any CPU
		{A3A0313B-5763-68BC-1348-1E99D406C9EF}.Debug|Any CPU.ActiveCfg = Debug|Any CPU
		{A3A0313B-5763-68BC-1348-1E99D406C9EF}.Debug|Any CPU.Build.0 = Debug|Any CPU
		{A3A0313B-5763-68BC-1348-1E99D406C9EF}.Release|Any CPU.ActiveCfg = Release|Any CPU
		{A3A0313B-5763-68BC-1348-1E99D406C9EF}.Release|Any CPU.Build.0 = Release|Any CPU
		{F643A548-5472-123F-94DB-508DD8075E8C}.Debug|Any CPU.ActiveCfg = Debug|Any CPU
		{F643A548-5472-123F-94DB-508DD8075E8C}.Debug|Any CPU.Build.0 = Debug|Any CPU
		{F643A548-5472-123F-94DB-508DD8075E8C}.Release|Any CPU.ActiveCfg = Release|Any CPU
		{F643A548-5472-123F-94DB-508DD8075E8C}.Release|Any CPU.Build.0 = Release|Any CPU
		{F6BEF132-D7C2-8B67-C69A-C5EF494F9C58}.Debug|Any CPU.ActiveCfg = Debug|Any CPU
		{F6BEF132-D7C2-8B67-C69A-C5EF494F9C58}.Debug|Any CPU.Build.0 = Debug|Any CPU
		{F6BEF132-D7C2-8B67-C69A-C5EF494F9C58}.Release|Any CPU.ActiveCfg = Release|Any CPU
		{F6BEF132-D7C2-8B67-C69A-C5EF494F9C58}.Release|Any CPU.Build.0 = Release|Any CPU
		{6CF2C5C9-F0B5-F145-1F5C-71CACDA721FC}.Debug|Any CPU.ActiveCfg = Debug|Any CPU
		{6CF2C5C9-F0B5-F145-1F5C-71CACDA721FC}.Debug|Any CPU.Build.0 = Debug|Any CPU
		{6CF2C5C9-F0B5-F145-1F5C-71CACDA721FC}.Release|Any CPU.ActiveCfg = Release|Any CPU
		{6CF2C5C9-F0B5-F145-1F5C-71CACDA721FC}.Release|Any CPU.Build.0 = Release|Any CPU
		{7383E7CB-3334-73B3-A95C-9FF051E00605}.Debug|Any CPU.ActiveCfg = Debug|Any CPU
		{7383E7CB-3334-73B3-A95C-9FF051E00605}.Debug|Any CPU.Build.0 = Debug|Any CPU
		{7383E7CB-3334-73B3-A95C-9FF051E00605}.Release|Any CPU.ActiveCfg = Release|Any CPU
		{7383E7CB-3334-73B3-A95C-9FF051E00605}.Release|Any CPU.Build.0 = Release|Any CPU
		{88B45F6A-07BC-8E3C-C838-6F30CE01AC08}.Debug|Any CPU.ActiveCfg = Debug|Any CPU
		{88B45F6A-07BC-8E3C-C838-6F30CE01AC08}.Debug|Any CPU.Build.0 = Debug|Any CPU
		{88B45F6A-07BC-8E3C-C838-6F30CE01AC08}.Release|Any CPU.ActiveCfg = Release|Any CPU
		{88B45F6A-07BC-8E3C-C838-6F30CE01AC08}.Release|Any CPU.Build.0 = Release|Any CPU
		{095E43B0-6DBC-4572-60F0-DD28EFAE32EE}.Debug|Any CPU.ActiveCfg = Debug|Any CPU
		{095E43B0-6DBC-4572-60F0-DD28EFAE32EE}.Debug|Any CPU.Build.0 = Debug|Any CPU
		{095E43B0-6DBC-4572-60F0-DD28EFAE32EE}.Release|Any CPU.ActiveCfg = Release|Any CPU
		{095E43B0-6DBC-4572-60F0-DD28EFAE32EE}.Release|Any CPU.Build.0 = Release|Any CPU
		{C38E6BDC-56AF-5026-7520-03D9FE804FD3}.Debug|Any CPU.ActiveCfg = Debug|Any CPU
		{C38E6BDC-56AF-5026-7520-03D9FE804FD3}.Debug|Any CPU.Build.0 = Debug|Any CPU
		{C38E6BDC-56AF-5026-7520-03D9FE804FD3}.Release|Any CPU.ActiveCfg = Release|Any CPU
		{C38E6BDC-56AF-5026-7520-03D9FE804FD3}.Release|Any CPU.Build.0 = Release|Any CPU
		{737383CC-6399-7660-904B-C3CEA79E61FD}.Debug|Any CPU.ActiveCfg = Debug|Any CPU
		{737383CC-6399-7660-904B-C3CEA79E61FD}.Debug|Any CPU.Build.0 = Debug|Any CPU
		{737383CC-6399-7660-904B-C3CEA79E61FD}.Release|Any CPU.ActiveCfg = Release|Any CPU
		{737383CC-6399-7660-904B-C3CEA79E61FD}.Release|Any CPU.Build.0 = Release|Any CPU
		{2F539B52-4B37-23A5-A6FE-6791746BBEE0}.Debug|Any CPU.ActiveCfg = Debug|Any CPU
		{2F539B52-4B37-23A5-A6FE-6791746BBEE0}.Debug|Any CPU.Build.0 = Debug|Any CPU
		{2F539B52-4B37-23A5-A6FE-6791746BBEE0}.Release|Any CPU.ActiveCfg = Release|Any CPU
		{2F539B52-4B37-23A5-A6FE-6791746BBEE0}.Release|Any CPU.Build.0 = Release|Any CPU
		{05FEC0EE-2551-AB44-71F5-106355FC38C5}.Debug|Any CPU.ActiveCfg = Debug|Any CPU
		{05FEC0EE-2551-AB44-71F5-106355FC38C5}.Debug|Any CPU.Build.0 = Debug|Any CPU
		{05FEC0EE-2551-AB44-71F5-106355FC38C5}.Release|Any CPU.ActiveCfg = Release|Any CPU
		{05FEC0EE-2551-AB44-71F5-106355FC38C5}.Release|Any CPU.Build.0 = Release|Any CPU
		{BACDEBDE-D0D7-CBF4-8B56-D9EF5A123427}.Debug|Any CPU.ActiveCfg = Debug|Any CPU
		{BACDEBDE-D0D7-CBF4-8B56-D9EF5A123427}.Debug|Any CPU.Build.0 = Debug|Any CPU
		{BACDEBDE-D0D7-CBF4-8B56-D9EF5A123427}.Release|Any CPU.ActiveCfg = Release|Any CPU
		{BACDEBDE-D0D7-CBF4-8B56-D9EF5A123427}.Release|Any CPU.Build.0 = Release|Any CPU
		{1552A878-35DA-3F47-0A1F-A1765A24B1FF}.Debug|Any CPU.ActiveCfg = Debug|Any CPU
		{1552A878-35DA-3F47-0A1F-A1765A24B1FF}.Debug|Any CPU.Build.0 = Debug|Any CPU
		{1552A878-35DA-3F47-0A1F-A1765A24B1FF}.Release|Any CPU.ActiveCfg = Release|Any CPU
		{1552A878-35DA-3F47-0A1F-A1765A24B1FF}.Release|Any CPU.Build.0 = Release|Any CPU
		{F7418B46-110B-6B41-F0B0-96BBD2B710B8}.Debug|Any CPU.ActiveCfg = Debug|Any CPU
		{F7418B46-110B-6B41-F0B0-96BBD2B710B8}.Debug|Any CPU.Build.0 = Debug|Any CPU
		{F7418B46-110B-6B41-F0B0-96BBD2B710B8}.Release|Any CPU.ActiveCfg = Release|Any CPU
		{F7418B46-110B-6B41-F0B0-96BBD2B710B8}.Release|Any CPU.Build.0 = Release|Any CPU
		{9DE4C3D7-6412-F58B-9F02-1C5169BF2934}.Debug|Any CPU.ActiveCfg = Debug|Any CPU
		{9DE4C3D7-6412-F58B-9F02-1C5169BF2934}.Debug|Any CPU.Build.0 = Debug|Any CPU
		{9DE4C3D7-6412-F58B-9F02-1C5169BF2934}.Release|Any CPU.ActiveCfg = Release|Any CPU
		{9DE4C3D7-6412-F58B-9F02-1C5169BF2934}.Release|Any CPU.Build.0 = Release|Any CPU
		{95E6F56F-B125-D5DB-59B9-C0E6BA8A835B}.Debug|Any CPU.ActiveCfg = Debug|Any CPU
		{95E6F56F-B125-D5DB-59B9-C0E6BA8A835B}.Debug|Any CPU.Build.0 = Debug|Any CPU
		{95E6F56F-B125-D5DB-59B9-C0E6BA8A835B}.Release|Any CPU.ActiveCfg = Release|Any CPU
		{95E6F56F-B125-D5DB-59B9-C0E6BA8A835B}.Release|Any CPU.Build.0 = Release|Any CPU
		{16DA0348-854C-CD67-5C97-55F859B7BAF2}.Debug|Any CPU.ActiveCfg = Debug|Any CPU
		{16DA0348-854C-CD67-5C97-55F859B7BAF2}.Debug|Any CPU.Build.0 = Debug|Any CPU
		{16DA0348-854C-CD67-5C97-55F859B7BAF2}.Release|Any CPU.ActiveCfg = Release|Any CPU
		{16DA0348-854C-CD67-5C97-55F859B7BAF2}.Release|Any CPU.Build.0 = Release|Any CPU
	EndGlobalSection
	GlobalSection(SolutionProperties) = preSolution
		HideSolutionNode = FALSE
	EndGlobalSection
EndGlobal
