
Microsoft Visual Studio Solution File, Format Version 12.00
# Visual Studio 15
Project("{FAE04EC0-301F-11D3-BF4B-00C04F79EFBC}") = "UnityEngine.TestRunner", "UnityEngine.TestRunner.csproj", "{1075E29D-2460-65C1-161C-4F32F38AE8E7}"
EndProject
Project("{FAE04EC0-301F-11D3-BF4B-00C04F79EFBC}") = "Unity.Mathematics", "Unity.Mathematics.csproj", "{7F547F49-1CB0-BFFF-0D75-C1BF6EC5A4CB}"
EndProject
Project("{FAE04EC0-301F-11D3-BF4B-00C04F79EFBC}") = "Unity.2D.Animation.Triangle.Runtime", "Unity.2D.Animation.Triangle.Runtime.csproj", "{6A2FFA19-6627-7D32-F57E-24CFF13FBBEE}"
EndProject
Project("{FAE04EC0-301F-11D3-BF4B-00C04F79EFBC}") = "Unity.Timeline", "Unity.Timeline.csproj", "{50B365B8-3D8D-A308-8BDD-CF605F894EE3}"
EndProject
Project("{FAE04EC0-301F-11D3-BF4B-00C04F79EFBC}") = "UnityEngine.UI", "UnityEngine.UI.csproj", "{93586F8F-71E3-D0FB-FB97-FE59DA1859AF}"
EndProject
Project("{FAE04EC0-301F-11D3-BF4B-00C04F79EFBC}") = "Cinemachine", "Cinemachine.csproj", "{1285D70F-E653-C831-5CD9-36B3AA51027C}"
EndProject
Project("{FAE04EC0-301F-11D3-BF4B-00C04F79EFBC}") = "Unity.TextMeshPro", "Unity.TextMeshPro.csproj", "{8A728B3F-F6C1-C109-3D95-DF34383B98A3}"
EndProject
Project("{FAE04EC0-301F-11D3-BF4B-00C04F79EFBC}") = "Assembly-CSharp", "Assembly-CSharp.csproj", "{55B01EC1-E491-D9C6-4776-3495E36462B5}"
EndProject
Project("{FAE04EC0-301F-11D3-BF4B-00C04F79EFBC}") = "Unity.2D.Animation.Runtime", "Unity.2D.Animation.Runtime.csproj", "{B7170BF6-8B7E-B07E-9959-1F68D0EF4FA4}"
EndProject
Project("{FAE04EC0-301F-11D3-BF4B-00C04F79EFBC}") = "Unity.2D.IK.Runtime", "Unity.2D.IK.Runtime.csproj", "{DD42C710-B6BD-2B31-85C1-82139C96BD91}"
EndProject
Project("{FAE04EC0-301F-11D3-BF4B-00C04F79EFBC}") = "Unity.2D.SpriteShape.Runtime", "Unity.2D.SpriteShape.Runtime.csproj", "{D05D97F1-C81E-8B90-4504-A0EDE149C28E}"
EndProject
Project("{FAE04EC0-301F-11D3-BF4B-00C04F79EFBC}") = "Unity.2D.PixelPerfect", "Unity.2D.PixelPerfect.csproj", "{E9103A5E-C329-9249-7A04-CE1C3AAFB5C8}"
EndProject
Project("{FAE04EC0-301F-11D3-BF4B-00C04F79EFBC}") = "Unity.2D.Common.Runtime", "Unity.2D.Common.Runtime.csproj", "{5B40C05C-8072-3048-E307-5333FCAFBB68}"
EndProject
Project("{FAE04EC0-301F-11D3-BF4B-00C04F79EFBC}") = "Unity.InternalAPIEngineBridge.001", "Unity.InternalAPIEngineBridge.001.csproj", "{C996546D-47F8-0686-D2CD-65D4BB328169}"
EndProject
Project("{FAE04EC0-301F-11D3-BF4B-00C04F79EFBC}") = "UnityEditor.TestRunner", "UnityEditor.TestRunner.csproj", "{264507EB-816C-EFA2-F779-4DCF9A8CF836}"
EndProject
Project("{FAE04EC0-301F-11D3-BF4B-00C04F79EFBC}") = "Unity.PlasticSCM.Editor", "Unity.PlasticSCM.Editor.csproj", "{5713F69A-C6B8-C402-91AF-F60BE7DAAB36}"
EndProject
Project("{FAE04EC0-301F-11D3-BF4B-00C04F79EFBC}") = "UnityEditor.UI", "UnityEditor.UI.csproj", "{215B4207-3374-D596-FBD6-4C8B29B64606}"
EndProject
Project("{FAE04EC0-301F-11D3-BF4B-00C04F79EFBC}") = "Unity.Services.Core.Editor", "Unity.Services.Core.Editor.csproj", "{38D84224-A469-6048-A06B-17D7F6D988EC}"
EndProject
Project("{FAE04EC0-301F-11D3-BF4B-00C04F79EFBC}") = "Unity.Timeline.Editor", "Unity.Timeline.Editor.csproj", "{438991DD-8AA3-8800-074D-9F85E788A619}"
EndProject
Project("{FAE04EC0-301F-11D3-BF4B-00C04F79EFBC}") = "Unity.VisualStudio.Editor", "Unity.VisualStudio.Editor.csproj", "{8356DB83-E3D1-B1F9-D0C2-37CA9EDDD8C7}"
EndProject
Project("{FAE04EC0-301F-11D3-BF4B-00C04F79EFBC}") = "com.unity.cinemachine.editor", "com.unity.cinemachine.editor.csproj", "{BF8CF340-686C-BE99-1822-BC4B2BD92EC1}"
EndProject
Project("{FAE04EC0-301F-11D3-BF4B-00C04F79EFBC}") = "Unity.2D.Psdimporter.Editor", "Unity.2D.Psdimporter.Editor.csproj", "{8CA80583-A3E6-0C0D-B4CB-90CE5041886E}"
EndProject
Project("{FAE04EC0-301F-11D3-BF4B-00C04F79EFBC}") = "Unity.2D.Animation.Editor", "Unity.2D.Animation.Editor.csproj", "{5A189C4A-FDF2-BB55-9D8A-5F1B4A950D8B}"
EndProject
Project("{FAE04EC0-301F-11D3-BF4B-00C04F79EFBC}") = "Unity.TextMeshPro.Editor", "Unity.TextMeshPro.Editor.csproj", "{86C0ECBB-0923-A577-9E48-6EF9F8C8D765}"
EndProject
Project("{FAE04EC0-301F-11D3-BF4B-00C04F79EFBC}") = "Unity.2D.SpriteShape.Editor", "Unity.2D.SpriteShape.Editor.csproj", "{62B7BC36-29BF-2CF7-D81B-1DFB445B09BE}"
EndProject
Project("{FAE04EC0-301F-11D3-BF4B-00C04F79EFBC}") = "Unity.CollabProxy.Editor", "Unity.CollabProxy.Editor.csproj", "{8A5C3278-D870-3AA4-2C53-F644636BA52E}"
EndProject
Project("{FAE04EC0-301F-11D3-BF4B-00C04F79EFBC}") = "PsdPlugin", "PsdPlugin.csproj", "{630E475E-CF5F-BE5E-617F-7B5697B28530}"
EndProject
Project("{FAE04EC0-301F-11D3-BF4B-00C04F79EFBC}") = "Unity.2D.Path.Editor", "Unity.2D.Path.Editor.csproj", "{EE4B9C15-9A6F-4E92-B7BD-F6EFC557879C}"
EndProject
Project("{FAE04EC0-301F-11D3-BF4B-00C04F79EFBC}") = "Unity.Rider.Editor", "Unity.Rider.Editor.csproj", "{5138D4E1-DB55-52FD-195B-BE4F731DCF80}"
EndProject
Project("{FAE04EC0-301F-11D3-BF4B-00C04F79EFBC}") = "Unity.2D.IK.Editor", "Unity.2D.IK.Editor.csproj", "{BC8F4FF6-9363-4148-0F6A-DCB314C1328C}"
EndProject
Project("{FAE04EC0-301F-11D3-BF4B-00C04F79EFBC}") = "Unity.2D.Sprite.Editor", "Unity.2D.Sprite.Editor.csproj", "{BDD4CD24-26D1-B4BF-A3EF-5406E62E3D29}"
EndProject
Project("{FAE04EC0-301F-11D3-BF4B-00C04F79EFBC}") = "Unity.2D.Tilemap.Editor", "Unity.2D.Tilemap.Editor.csproj", "{C5F17A8D-F032-EF45-B322-476A83905031}"
EndProject
Project("{FAE04EC0-301F-11D3-BF4B-00C04F79EFBC}") = "Unity.2D.PixelPerfect.Editor", "Unity.2D.PixelPerfect.Editor.csproj", "{8BE1C7AD-03C1-78E6-D018-EF92C6F07C50}"
EndProject
Project("{FAE04EC0-301F-11D3-BF4B-00C04F79EFBC}") = "Unity.VSCode.Editor", "Unity.VSCode.Editor.csproj", "{50074CE7-0987-8A78-4BF3-2B5BC641D04B}"
EndProject
Project("{FAE04EC0-301F-11D3-BF4B-00C04F79EFBC}") = "Unity.2D.Common.Editor", "Unity.2D.Common.Editor.csproj", "{58119C9D-1CD8-EA2B-D0E3-5F373C130D58}"
EndProject
Project("{FAE04EC0-301F-11D3-BF4B-00C04F79EFBC}") = "Unity.Mathematics.Editor", "Unity.Mathematics.Editor.csproj", "{AF34D2A9-819B-6A7E-CA5A-B82A61579D33}"
EndProject
Project("{FAE04EC0-301F-11D3-BF4B-00C04F79EFBC}") = "Unity.InternalAPIEditorBridge.001", "Unity.InternalAPIEditorBridge.001.csproj", "{EAC8F53E-906F-8C6A-11FA-EC1BD7A9A450}"
EndProject
Project("{FAE04EC0-301F-11D3-BF4B-00C04F79EFBC}") = "Assembly-CSharp-Editor", "Assembly-CSharp-Editor.csproj", "{AAD4E7B4-9D37-D5EA-5C27-B7D5E6D23EB1}"
EndProject
Project("{FAE04EC0-301F-11D3-BF4B-00C04F79EFBC}") = "UnityEngine.TestRunner", "UnityEngine.TestRunner.Player.csproj", "{DBDDE2F1-77DF-F8B5-6D79-C87B1169F1C5}"
EndProject
Project("{FAE04EC0-301F-11D3-BF4B-00C04F79EFBC}") = "Unity.Mathematics", "Unity.Mathematics.Player.csproj", "{43E03491-3025-801E-08E6-B47C8B98697B}"
EndProject
Project("{FAE04EC0-301F-11D3-BF4B-00C04F79EFBC}") = "Unity.2D.Animation.Triangle.Runtime", "Unity.2D.Animation.Triangle.Runtime.Player.csproj", "{6A433B71-3331-7ECA-F42A-FE84ADA21927}"
EndProject
Project("{FAE04EC0-301F-11D3-BF4B-00C04F79EFBC}") = "Unity.Timeline", "Unity.Timeline.Player.csproj", "{1A386D7B-BAEA-6C19-7C10-051A691CC735}"
EndProject
Project("{FAE04EC0-301F-11D3-BF4B-00C04F79EFBC}") = "UnityEngine.UI", "UnityEngine.UI.Player.csproj", "{BC4CE0B1-941C-8B21-A53C-462C39089704}"
EndProject
Project("{FAE04EC0-301F-11D3-BF4B-00C04F79EFBC}") = "Cinemachine", "Cinemachine.Player.csproj", "{0F47325E-691D-6DF5-FBFC-AF2B38BE8895}"
EndProject
Project("{FAE04EC0-301F-11D3-BF4B-00C04F79EFBC}") = "Unity.TextMeshPro", "Unity.TextMeshPro.Player.csproj", "{3D60B050-FEC4-241D-3FFC-4FB64F58EAE2}"
EndProject
Project("{FAE04EC0-301F-11D3-BF4B-00C04F79EFBC}") = "Assembly-CSharp", "Assembly-CSharp.Player.csproj", "{FC5941F1-BE47-367C-9A17-58034D7B05D3}"
EndProject
Project("{FAE04EC0-301F-11D3-BF4B-00C04F79EFBC}") = "Unity.2D.Animation.Runtime", "Unity.2D.Animation.Runtime.Player.csproj", "{13EE5E24-CA41-9EB3-BCF7-049BE0659233}"
EndProject
Project("{FAE04EC0-301F-11D3-BF4B-00C04F79EFBC}") = "Unity.2D.IK.Runtime", "Unity.2D.IK.Runtime.Player.csproj", "{59437D91-901B-2D4E-0D29-928FC96392E5}"
EndProject
Project("{FAE04EC0-301F-11D3-BF4B-00C04F79EFBC}") = "Unity.2D.SpriteShape.Runtime", "Unity.2D.SpriteShape.Runtime.Player.csproj", "{C3F546A4-DFFE-F073-B3F9-43A48BC5417C}"
EndProject
Project("{FAE04EC0-301F-11D3-BF4B-00C04F79EFBC}") = "Unity.2D.PixelPerfect", "Unity.2D.PixelPerfect.Player.csproj", "{7C780A00-4D3B-0E6F-38CB-55DFB029B516}"
EndProject
Project("{FAE04EC0-301F-11D3-BF4B-00C04F79EFBC}") = "Unity.2D.Common.Runtime", "Unity.2D.Common.Runtime.Player.csproj", "{7E0C6A96-EB06-6C88-D542-FE2559990C54}"
EndProject
Project("{FAE04EC0-301F-11D3-BF4B-00C04F79EFBC}") = "Unity.InternalAPIEngineBridge.001", "Unity.InternalAPIEngineBridge.001.Player.csproj", "{684E8EF6-E57E-78A7-58D4-8A4354BDE675}"
EndProject
Global
	GlobalSection(SolutionConfigurationPlatforms) = preSolution
		Debug|Any CPU = Debug|Any CPU
		Release|Any CPU = Release|Any CPU
	EndGlobalSection
	GlobalSection(ProjectConfigurationPlatforms) = postSolution
		{1075E29D-2460-65C1-161C-4F32F38AE8E7}.Debug|Any CPU.ActiveCfg = Debug|Any CPU
		{1075E29D-2460-65C1-161C-4F32F38AE8E7}.Debug|Any CPU.Build.0 = Debug|Any CPU
		{1075E29D-2460-65C1-161C-4F32F38AE8E7}.Release|Any CPU.ActiveCfg = Release|Any CPU
		{1075E29D-2460-65C1-161C-4F32F38AE8E7}.Release|Any CPU.Build.0 = Release|Any CPU
		{7F547F49-1CB0-BFFF-0D75-C1BF6EC5A4CB}.Debug|Any CPU.ActiveCfg = Debug|Any CPU
		{7F547F49-1CB0-BFFF-0D75-C1BF6EC5A4CB}.Debug|Any CPU.Build.0 = Debug|Any CPU
		{7F547F49-1CB0-BFFF-0D75-C1BF6EC5A4CB}.Release|Any CPU.ActiveCfg = Release|Any CPU
		{7F547F49-1CB0-BFFF-0D75-C1BF6EC5A4CB}.Release|Any CPU.Build.0 = Release|Any CPU
		{6A2FFA19-6627-7D32-F57E-24CFF13FBBEE}.Debug|Any CPU.ActiveCfg = Debug|Any CPU
		{6A2FFA19-6627-7D32-F57E-24CFF13FBBEE}.Debug|Any CPU.Build.0 = Debug|Any CPU
		{6A2FFA19-6627-7D32-F57E-24CFF13FBBEE}.Release|Any CPU.ActiveCfg = Release|Any CPU
		{6A2FFA19-6627-7D32-F57E-24CFF13FBBEE}.Release|Any CPU.Build.0 = Release|Any CPU
		{50B365B8-3D8D-A308-8BDD-CF605F894EE3}.Debug|Any CPU.ActiveCfg = Debug|Any CPU
		{50B365B8-3D8D-A308-8BDD-CF605F894EE3}.Debug|Any CPU.Build.0 = Debug|Any CPU
		{50B365B8-3D8D-A308-8BDD-CF605F894EE3}.Release|Any CPU.ActiveCfg = Release|Any CPU
		{50B365B8-3D8D-A308-8BDD-CF605F894EE3}.Release|Any CPU.Build.0 = Release|Any CPU
		{93586F8F-71E3-D0FB-FB97-FE59DA1859AF}.Debug|Any CPU.ActiveCfg = Debug|Any CPU
		{93586F8F-71E3-D0FB-FB97-FE59DA1859AF}.Debug|Any CPU.Build.0 = Debug|Any CPU
		{93586F8F-71E3-D0FB-FB97-FE59DA1859AF}.Release|Any CPU.ActiveCfg = Release|Any CPU
		{93586F8F-71E3-D0FB-FB97-FE59DA1859AF}.Release|Any CPU.Build.0 = Release|Any CPU
		{1285D70F-E653-C831-5CD9-36B3AA51027C}.Debug|Any CPU.ActiveCfg = Debug|Any CPU
		{1285D70F-E653-C831-5CD9-36B3AA51027C}.Debug|Any CPU.Build.0 = Debug|Any CPU
		{1285D70F-E653-C831-5CD9-36B3AA51027C}.Release|Any CPU.ActiveCfg = Release|Any CPU
		{1285D70F-E653-C831-5CD9-36B3AA51027C}.Release|Any CPU.Build.0 = Release|Any CPU
		{8A728B3F-F6C1-C109-3D95-DF34383B98A3}.Debug|Any CPU.ActiveCfg = Debug|Any CPU
		{8A728B3F-F6C1-C109-3D95-DF34383B98A3}.Debug|Any CPU.Build.0 = Debug|Any CPU
		{8A728B3F-F6C1-C109-3D95-DF34383B98A3}.Release|Any CPU.ActiveCfg = Release|Any CPU
		{8A728B3F-F6C1-C109-3D95-DF34383B98A3}.Release|Any CPU.Build.0 = Release|Any CPU
		{55B01EC1-E491-D9C6-4776-3495E36462B5}.Debug|Any CPU.ActiveCfg = Debug|Any CPU
		{55B01EC1-E491-D9C6-4776-3495E36462B5}.Debug|Any CPU.Build.0 = Debug|Any CPU
		{55B01EC1-E491-D9C6-4776-3495E36462B5}.Release|Any CPU.ActiveCfg = Release|Any CPU
		{55B01EC1-E491-D9C6-4776-3495E36462B5}.Release|Any CPU.Build.0 = Release|Any CPU
		{B7170BF6-8B7E-B07E-9959-1F68D0EF4FA4}.Debug|Any CPU.ActiveCfg = Debug|Any CPU
		{B7170BF6-8B7E-B07E-9959-1F68D0EF4FA4}.Debug|Any CPU.Build.0 = Debug|Any CPU
		{B7170BF6-8B7E-B07E-9959-1F68D0EF4FA4}.Release|Any CPU.ActiveCfg = Release|Any CPU
		{B7170BF6-8B7E-B07E-9959-1F68D0EF4FA4}.Release|Any CPU.Build.0 = Release|Any CPU
		{DD42C710-B6BD-2B31-85C1-82139C96BD91}.Debug|Any CPU.ActiveCfg = Debug|Any CPU
		{DD42C710-B6BD-2B31-85C1-82139C96BD91}.Debug|Any CPU.Build.0 = Debug|Any CPU
		{DD42C710-B6BD-2B31-85C1-82139C96BD91}.Release|Any CPU.ActiveCfg = Release|Any CPU
		{DD42C710-B6BD-2B31-85C1-82139C96BD91}.Release|Any CPU.Build.0 = Release|Any CPU
		{D05D97F1-C81E-8B90-4504-A0EDE149C28E}.Debug|Any CPU.ActiveCfg = Debug|Any CPU
		{D05D97F1-C81E-8B90-4504-A0EDE149C28E}.Debug|Any CPU.Build.0 = Debug|Any CPU
		{D05D97F1-C81E-8B90-4504-A0EDE149C28E}.Release|Any CPU.ActiveCfg = Release|Any CPU
		{D05D97F1-C81E-8B90-4504-A0EDE149C28E}.Release|Any CPU.Build.0 = Release|Any CPU
		{E9103A5E-C329-9249-7A04-CE1C3AAFB5C8}.Debug|Any CPU.ActiveCfg = Debug|Any CPU
		{E9103A5E-C329-9249-7A04-CE1C3AAFB5C8}.Debug|Any CPU.Build.0 = Debug|Any CPU
		{E9103A5E-C329-9249-7A04-CE1C3AAFB5C8}.Release|Any CPU.ActiveCfg = Release|Any CPU
		{E9103A5E-C329-9249-7A04-CE1C3AAFB5C8}.Release|Any CPU.Build.0 = Release|Any CPU
		{5B40C05C-8072-3048-E307-5333FCAFBB68}.Debug|Any CPU.ActiveCfg = Debug|Any CPU
		{5B40C05C-8072-3048-E307-5333FCAFBB68}.Debug|Any CPU.Build.0 = Debug|Any CPU
		{5B40C05C-8072-3048-E307-5333FCAFBB68}.Release|Any CPU.ActiveCfg = Release|Any CPU
		{5B40C05C-8072-3048-E307-5333FCAFBB68}.Release|Any CPU.Build.0 = Release|Any CPU
		{C996546D-47F8-0686-D2CD-65D4BB328169}.Debug|Any CPU.ActiveCfg = Debug|Any CPU
		{C996546D-47F8-0686-D2CD-65D4BB328169}.Debug|Any CPU.Build.0 = Debug|Any CPU
		{C996546D-47F8-0686-D2CD-65D4BB328169}.Release|Any CPU.ActiveCfg = Release|Any CPU
		{C996546D-47F8-0686-D2CD-65D4BB328169}.Release|Any CPU.Build.0 = Release|Any CPU
		{264507EB-816C-EFA2-F779-4DCF9A8CF836}.Debug|Any CPU.ActiveCfg = Debug|Any CPU
		{264507EB-816C-EFA2-F779-4DCF9A8CF836}.Debug|Any CPU.Build.0 = Debug|Any CPU
		{264507EB-816C-EFA2-F779-4DCF9A8CF836}.Release|Any CPU.ActiveCfg = Release|Any CPU
		{264507EB-816C-EFA2-F779-4DCF9A8CF836}.Release|Any CPU.Build.0 = Release|Any CPU
		{5713F69A-C6B8-C402-91AF-F60BE7DAAB36}.Debug|Any CPU.ActiveCfg = Debug|Any CPU
		{5713F69A-C6B8-C402-91AF-F60BE7DAAB36}.Debug|Any CPU.Build.0 = Debug|Any CPU
		{5713F69A-C6B8-C402-91AF-F60BE7DAAB36}.Release|Any CPU.ActiveCfg = Release|Any CPU
		{5713F69A-C6B8-C402-91AF-F60BE7DAAB36}.Release|Any CPU.Build.0 = Release|Any CPU
		{215B4207-3374-D596-FBD6-4C8B29B64606}.Debug|Any CPU.ActiveCfg = Debug|Any CPU
		{215B4207-3374-D596-FBD6-4C8B29B64606}.Debug|Any CPU.Build.0 = Debug|Any CPU
		{215B4207-3374-D596-FBD6-4C8B29B64606}.Release|Any CPU.ActiveCfg = Release|Any CPU
		{215B4207-3374-D596-FBD6-4C8B29B64606}.Release|Any CPU.Build.0 = Release|Any CPU
		{38D84224-A469-6048-A06B-17D7F6D988EC}.Debug|Any CPU.ActiveCfg = Debug|Any CPU
		{38D84224-A469-6048-A06B-17D7F6D988EC}.Debug|Any CPU.Build.0 = Debug|Any CPU
		{38D84224-A469-6048-A06B-17D7F6D988EC}.Release|Any CPU.ActiveCfg = Release|Any CPU
		{38D84224-A469-6048-A06B-17D7F6D988EC}.Release|Any CPU.Build.0 = Release|Any CPU
		{438991DD-8AA3-8800-074D-9F85E788A619}.Debug|Any CPU.ActiveCfg = Debug|Any CPU
		{438991DD-8AA3-8800-074D-9F85E788A619}.Debug|Any CPU.Build.0 = Debug|Any CPU
		{438991DD-8AA3-8800-074D-9F85E788A619}.Release|Any CPU.ActiveCfg = Release|Any CPU
		{438991DD-8AA3-8800-074D-9F85E788A619}.Release|Any CPU.Build.0 = Release|Any CPU
		{8356DB83-E3D1-B1F9-D0C2-37CA9EDDD8C7}.Debug|Any CPU.ActiveCfg = Debug|Any CPU
		{8356DB83-E3D1-B1F9-D0C2-37CA9EDDD8C7}.Debug|Any CPU.Build.0 = Debug|Any CPU
		{8356DB83-E3D1-B1F9-D0C2-37CA9EDDD8C7}.Release|Any CPU.ActiveCfg = Release|Any CPU
		{8356DB83-E3D1-B1F9-D0C2-37CA9EDDD8C7}.Release|Any CPU.Build.0 = Release|Any CPU
		{BF8CF340-686C-BE99-1822-BC4B2BD92EC1}.Debug|Any CPU.ActiveCfg = Debug|Any CPU
		{BF8CF340-686C-BE99-1822-BC4B2BD92EC1}.Debug|Any CPU.Build.0 = Debug|Any CPU
		{BF8CF340-686C-BE99-1822-BC4B2BD92EC1}.Release|Any CPU.ActiveCfg = Release|Any CPU
		{BF8CF340-686C-BE99-1822-BC4B2BD92EC1}.Release|Any CPU.Build.0 = Release|Any CPU
		{8CA80583-A3E6-0C0D-B4CB-90CE5041886E}.Debug|Any CPU.ActiveCfg = Debug|Any CPU
		{8CA80583-A3E6-0C0D-B4CB-90CE5041886E}.Debug|Any CPU.Build.0 = Debug|Any CPU
		{8CA80583-A3E6-0C0D-B4CB-90CE5041886E}.Release|Any CPU.ActiveCfg = Release|Any CPU
		{8CA80583-A3E6-0C0D-B4CB-90CE5041886E}.Release|Any CPU.Build.0 = Release|Any CPU
		{5A189C4A-FDF2-BB55-9D8A-5F1B4A950D8B}.Debug|Any CPU.ActiveCfg = Debug|Any CPU
		{5A189C4A-FDF2-BB55-9D8A-5F1B4A950D8B}.Debug|Any CPU.Build.0 = Debug|Any CPU
		{5A189C4A-FDF2-BB55-9D8A-5F1B4A950D8B}.Release|Any CPU.ActiveCfg = Release|Any CPU
		{5A189C4A-FDF2-BB55-9D8A-5F1B4A950D8B}.Release|Any CPU.Build.0 = Release|Any CPU
		{86C0ECBB-0923-A577-9E48-6EF9F8C8D765}.Debug|Any CPU.ActiveCfg = Debug|Any CPU
		{86C0ECBB-0923-A577-9E48-6EF9F8C8D765}.Debug|Any CPU.Build.0 = Debug|Any CPU
		{86C0ECBB-0923-A577-9E48-6EF9F8C8D765}.Release|Any CPU.ActiveCfg = Release|Any CPU
		{86C0ECBB-0923-A577-9E48-6EF9F8C8D765}.Release|Any CPU.Build.0 = Release|Any CPU
		{62B7BC36-29BF-2CF7-D81B-1DFB445B09BE}.Debug|Any CPU.ActiveCfg = Debug|Any CPU
		{62B7BC36-29BF-2CF7-D81B-1DFB445B09BE}.Debug|Any CPU.Build.0 = Debug|Any CPU
		{62B7BC36-29BF-2CF7-D81B-1DFB445B09BE}.Release|Any CPU.ActiveCfg = Release|Any CPU
		{62B7BC36-29BF-2CF7-D81B-1DFB445B09BE}.Release|Any CPU.Build.0 = Release|Any CPU
		{8A5C3278-D870-3AA4-2C53-F644636BA52E}.Debug|Any CPU.ActiveCfg = Debug|Any CPU
		{8A5C3278-D870-3AA4-2C53-F644636BA52E}.Debug|Any CPU.Build.0 = Debug|Any CPU
		{8A5C3278-D870-3AA4-2C53-F644636BA52E}.Release|Any CPU.ActiveCfg = Release|Any CPU
		{8A5C3278-D870-3AA4-2C53-F644636BA52E}.Release|Any CPU.Build.0 = Release|Any CPU
		{630E475E-CF5F-BE5E-617F-7B5697B28530}.Debug|Any CPU.ActiveCfg = Debug|Any CPU
		{630E475E-CF5F-BE5E-617F-7B5697B28530}.Debug|Any CPU.Build.0 = Debug|Any CPU
		{630E475E-CF5F-BE5E-617F-7B5697B28530}.Release|Any CPU.ActiveCfg = Release|Any CPU
		{630E475E-CF5F-BE5E-617F-7B5697B28530}.Release|Any CPU.Build.0 = Release|Any CPU
		{EE4B9C15-9A6F-4E92-B7BD-F6EFC557879C}.Debug|Any CPU.ActiveCfg = Debug|Any CPU
		{EE4B9C15-9A6F-4E92-B7BD-F6EFC557879C}.Debug|Any CPU.Build.0 = Debug|Any CPU
		{EE4B9C15-9A6F-4E92-B7BD-F6EFC557879C}.Release|Any CPU.ActiveCfg = Release|Any CPU
		{EE4B9C15-9A6F-4E92-B7BD-F6EFC557879C}.Release|Any CPU.Build.0 = Release|Any CPU
		{5138D4E1-DB55-52FD-195B-BE4F731DCF80}.Debug|Any CPU.ActiveCfg = Debug|Any CPU
		{5138D4E1-DB55-52FD-195B-BE4F731DCF80}.Debug|Any CPU.Build.0 = Debug|Any CPU
		{5138D4E1-DB55-52FD-195B-BE4F731DCF80}.Release|Any CPU.ActiveCfg = Release|Any CPU
		{5138D4E1-DB55-52FD-195B-BE4F731DCF80}.Release|Any CPU.Build.0 = Release|Any CPU
		{BC8F4FF6-9363-4148-0F6A-DCB314C1328C}.Debug|Any CPU.ActiveCfg = Debug|Any CPU
		{BC8F4FF6-9363-4148-0F6A-DCB314C1328C}.Debug|Any CPU.Build.0 = Debug|Any CPU
		{BC8F4FF6-9363-4148-0F6A-DCB314C1328C}.Release|Any CPU.ActiveCfg = Release|Any CPU
		{BC8F4FF6-9363-4148-0F6A-DCB314C1328C}.Release|Any CPU.Build.0 = Release|Any CPU
		{BDD4CD24-26D1-B4BF-A3EF-5406E62E3D29}.Debug|Any CPU.ActiveCfg = Debug|Any CPU
		{BDD4CD24-26D1-B4BF-A3EF-5406E62E3D29}.Debug|Any CPU.Build.0 = Debug|Any CPU
		{BDD4CD24-26D1-B4BF-A3EF-5406E62E3D29}.Release|Any CPU.ActiveCfg = Release|Any CPU
		{BDD4CD24-26D1-B4BF-A3EF-5406E62E3D29}.Release|Any CPU.Build.0 = Release|Any CPU
		{C5F17A8D-F032-EF45-B322-476A83905031}.Debug|Any CPU.ActiveCfg = Debug|Any CPU
		{C5F17A8D-F032-EF45-B322-476A83905031}.Debug|Any CPU.Build.0 = Debug|Any CPU
		{C5F17A8D-F032-EF45-B322-476A83905031}.Release|Any CPU.ActiveCfg = Release|Any CPU
		{C5F17A8D-F032-EF45-B322-476A83905031}.Release|Any CPU.Build.0 = Release|Any CPU
		{8BE1C7AD-03C1-78E6-D018-EF92C6F07C50}.Debug|Any CPU.ActiveCfg = Debug|Any CPU
		{8BE1C7AD-03C1-78E6-D018-EF92C6F07C50}.Debug|Any CPU.Build.0 = Debug|Any CPU
		{8BE1C7AD-03C1-78E6-D018-EF92C6F07C50}.Release|Any CPU.ActiveCfg = Release|Any CPU
		{8BE1C7AD-03C1-78E6-D018-EF92C6F07C50}.Release|Any CPU.Build.0 = Release|Any CPU
		{50074CE7-0987-8A78-4BF3-2B5BC641D04B}.Debug|Any CPU.ActiveCfg = Debug|Any CPU
		{50074CE7-0987-8A78-4BF3-2B5BC641D04B}.Debug|Any CPU.Build.0 = Debug|Any CPU
		{50074CE7-0987-8A78-4BF3-2B5BC641D04B}.Release|Any CPU.ActiveCfg = Release|Any CPU
		{50074CE7-0987-8A78-4BF3-2B5BC641D04B}.Release|Any CPU.Build.0 = Release|Any CPU
		{58119C9D-1CD8-EA2B-D0E3-5F373C130D58}.Debug|Any CPU.ActiveCfg = Debug|Any CPU
		{58119C9D-1CD8-EA2B-D0E3-5F373C130D58}.Debug|Any CPU.Build.0 = Debug|Any CPU
		{58119C9D-1CD8-EA2B-D0E3-5F373C130D58}.Release|Any CPU.ActiveCfg = Release|Any CPU
		{58119C9D-1CD8-EA2B-D0E3-5F373C130D58}.Release|Any CPU.Build.0 = Release|Any CPU
		{AF34D2A9-819B-6A7E-CA5A-B82A61579D33}.Debug|Any CPU.ActiveCfg = Debug|Any CPU
		{AF34D2A9-819B-6A7E-CA5A-B82A61579D33}.Debug|Any CPU.Build.0 = Debug|Any CPU
		{AF34D2A9-819B-6A7E-CA5A-B82A61579D33}.Release|Any CPU.ActiveCfg = Release|Any CPU
		{AF34D2A9-819B-6A7E-CA5A-B82A61579D33}.Release|Any CPU.Build.0 = Release|Any CPU
		{EAC8F53E-906F-8C6A-11FA-EC1BD7A9A450}.Debug|Any CPU.ActiveCfg = Debug|Any CPU
		{EAC8F53E-906F-8C6A-11FA-EC1BD7A9A450}.Debug|Any CPU.Build.0 = Debug|Any CPU
		{EAC8F53E-906F-8C6A-11FA-EC1BD7A9A450}.Release|Any CPU.ActiveCfg = Release|Any CPU
		{EAC8F53E-906F-8C6A-11FA-EC1BD7A9A450}.Release|Any CPU.Build.0 = Release|Any CPU
		{AAD4E7B4-9D37-D5EA-5C27-B7D5E6D23EB1}.Debug|Any CPU.ActiveCfg = Debug|Any CPU
		{AAD4E7B4-9D37-D5EA-5C27-B7D5E6D23EB1}.Debug|Any CPU.Build.0 = Debug|Any CPU
		{AAD4E7B4-9D37-D5EA-5C27-B7D5E6D23EB1}.Release|Any CPU.ActiveCfg = Release|Any CPU
		{AAD4E7B4-9D37-D5EA-5C27-B7D5E6D23EB1}.Release|Any CPU.Build.0 = Release|Any CPU
		{DBDDE2F1-77DF-F8B5-6D79-C87B1169F1C5}.Debug|Any CPU.ActiveCfg = Debug|Any CPU
		{DBDDE2F1-77DF-F8B5-6D79-C87B1169F1C5}.Debug|Any CPU.Build.0 = Debug|Any CPU
		{DBDDE2F1-77DF-F8B5-6D79-C87B1169F1C5}.Release|Any CPU.ActiveCfg = Release|Any CPU
		{DBDDE2F1-77DF-F8B5-6D79-C87B1169F1C5}.Release|Any CPU.Build.0 = Release|Any CPU
		{43E03491-3025-801E-08E6-B47C8B98697B}.Debug|Any CPU.ActiveCfg = Debug|Any CPU
		{43E03491-3025-801E-08E6-B47C8B98697B}.Debug|Any CPU.Build.0 = Debug|Any CPU
		{43E03491-3025-801E-08E6-B47C8B98697B}.Release|Any CPU.ActiveCfg = Release|Any CPU
		{43E03491-3025-801E-08E6-B47C8B98697B}.Release|Any CPU.Build.0 = Release|Any CPU
		{6A433B71-3331-7ECA-F42A-FE84ADA21927}.Debug|Any CPU.ActiveCfg = Debug|Any CPU
		{6A433B71-3331-7ECA-F42A-FE84ADA21927}.Debug|Any CPU.Build.0 = Debug|Any CPU
		{6A433B71-3331-7ECA-F42A-FE84ADA21927}.Release|Any CPU.ActiveCfg = Release|Any CPU
		{6A433B71-3331-7ECA-F42A-FE84ADA21927}.Release|Any CPU.Build.0 = Release|Any CPU
		{1A386D7B-BAEA-6C19-7C10-051A691CC735}.Debug|Any CPU.ActiveCfg = Debug|Any CPU
		{1A386D7B-BAEA-6C19-7C10-051A691CC735}.Debug|Any CPU.Build.0 = Debug|Any CPU
		{1A386D7B-BAEA-6C19-7C10-051A691CC735}.Release|Any CPU.ActiveCfg = Release|Any CPU
		{1A386D7B-BAEA-6C19-7C10-051A691CC735}.Release|Any CPU.Build.0 = Release|Any CPU
		{BC4CE0B1-941C-8B21-A53C-462C39089704}.Debug|Any CPU.ActiveCfg = Debug|Any CPU
		{BC4CE0B1-941C-8B21-A53C-462C39089704}.Debug|Any CPU.Build.0 = Debug|Any CPU
		{BC4CE0B1-941C-8B21-A53C-462C39089704}.Release|Any CPU.ActiveCfg = Release|Any CPU
		{BC4CE0B1-941C-8B21-A53C-462C39089704}.Release|Any CPU.Build.0 = Release|Any CPU
		{0F47325E-691D-6DF5-FBFC-AF2B38BE8895}.Debug|Any CPU.ActiveCfg = Debug|Any CPU
		{0F47325E-691D-6DF5-FBFC-AF2B38BE8895}.Debug|Any CPU.Build.0 = Debug|Any CPU
		{0F47325E-691D-6DF5-FBFC-AF2B38BE8895}.Release|Any CPU.ActiveCfg = Release|Any CPU
		{0F47325E-691D-6DF5-FBFC-AF2B38BE8895}.Release|Any CPU.Build.0 = Release|Any CPU
		{3D60B050-FEC4-241D-3FFC-4FB64F58EAE2}.Debug|Any CPU.ActiveCfg = Debug|Any CPU
		{3D60B050-FEC4-241D-3FFC-4FB64F58EAE2}.Debug|Any CPU.Build.0 = Debug|Any CPU
		{3D60B050-FEC4-241D-3FFC-4FB64F58EAE2}.Release|Any CPU.ActiveCfg = Release|Any CPU
		{3D60B050-FEC4-241D-3FFC-4FB64F58EAE2}.Release|Any CPU.Build.0 = Release|Any CPU
		{FC5941F1-BE47-367C-9A17-58034D7B05D3}.Debug|Any CPU.ActiveCfg = Debug|Any CPU
		{FC5941F1-BE47-367C-9A17-58034D7B05D3}.Debug|Any CPU.Build.0 = Debug|Any CPU
		{FC5941F1-BE47-367C-9A17-58034D7B05D3}.Release|Any CPU.ActiveCfg = Release|Any CPU
		{FC5941F1-BE47-367C-9A17-58034D7B05D3}.Release|Any CPU.Build.0 = Release|Any CPU
		{13EE5E24-CA41-9EB3-BCF7-049BE0659233}.Debug|Any CPU.ActiveCfg = Debug|Any CPU
		{13EE5E24-CA41-9EB3-BCF7-049BE0659233}.Debug|Any CPU.Build.0 = Debug|Any CPU
		{13EE5E24-CA41-9EB3-BCF7-049BE0659233}.Release|Any CPU.ActiveCfg = Release|Any CPU
		{13EE5E24-CA41-9EB3-BCF7-049BE0659233}.Release|Any CPU.Build.0 = Release|Any CPU
		{59437D91-901B-2D4E-0D29-928FC96392E5}.Debug|Any CPU.ActiveCfg = Debug|Any CPU
		{59437D91-901B-2D4E-0D29-928FC96392E5}.Debug|Any CPU.Build.0 = Debug|Any CPU
		{59437D91-901B-2D4E-0D29-928FC96392E5}.Release|Any CPU.ActiveCfg = Release|Any CPU
		{59437D91-901B-2D4E-0D29-928FC96392E5}.Release|Any CPU.Build.0 = Release|Any CPU
		{C3F546A4-DFFE-F073-B3F9-43A48BC5417C}.Debug|Any CPU.ActiveCfg = Debug|Any CPU
		{C3F546A4-DFFE-F073-B3F9-43A48BC5417C}.Debug|Any CPU.Build.0 = Debug|Any CPU
		{C3F546A4-DFFE-F073-B3F9-43A48BC5417C}.Release|Any CPU.ActiveCfg = Release|Any CPU
		{C3F546A4-DFFE-F073-B3F9-43A48BC5417C}.Release|Any CPU.Build.0 = Release|Any CPU
		{7C780A00-4D3B-0E6F-38CB-55DFB029B516}.Debug|Any CPU.ActiveCfg = Debug|Any CPU
		{7C780A00-4D3B-0E6F-38CB-55DFB029B516}.Debug|Any CPU.Build.0 = Debug|Any CPU
		{7C780A00-4D3B-0E6F-38CB-55DFB029B516}.Release|Any CPU.ActiveCfg = Release|Any CPU
		{7C780A00-4D3B-0E6F-38CB-55DFB029B516}.Release|Any CPU.Build.0 = Release|Any CPU
		{7E0C6A96-EB06-6C88-D542-FE2559990C54}.Debug|Any CPU.ActiveCfg = Debug|Any CPU
		{7E0C6A96-EB06-6C88-D542-FE2559990C54}.Debug|Any CPU.Build.0 = Debug|Any CPU
		{7E0C6A96-EB06-6C88-D542-FE2559990C54}.Release|Any CPU.ActiveCfg = Release|Any CPU
		{7E0C6A96-EB06-6C88-D542-FE2559990C54}.Release|Any CPU.Build.0 = Release|Any CPU
		{684E8EF6-E57E-78A7-58D4-8A4354BDE675}.Debug|Any CPU.ActiveCfg = Debug|Any CPU
		{684E8EF6-E57E-78A7-58D4-8A4354BDE675}.Debug|Any CPU.Build.0 = Debug|Any CPU
		{684E8EF6-E57E-78A7-58D4-8A4354BDE675}.Release|Any CPU.ActiveCfg = Release|Any CPU
		{684E8EF6-E57E-78A7-58D4-8A4354BDE675}.Release|Any CPU.Build.0 = Release|Any CPU
	EndGlobalSection
	GlobalSection(SolutionProperties) = preSolution
		HideSolutionNode = FALSE
	EndGlobalSection
EndGlobal
